
Microsoft Visual Studio Solution File, Format Version 12.00
# Visual Studio 15
VisualStudioVersion = 15.0.28307.329
MinimumVisualStudioVersion = 10.0.40219.1
Project("{FAE04EC0-301F-11D3-BF4B-00C04F79EFBC}") = "Wpf_Bugs", "Wpf_Bugs\Wpf_Bugs.csproj", "{0A491BFF-5867-4B83-94C9-A8B1D538F679}"
EndProject
Global
	GlobalSection(SolutionConfigurationPlatforms) = preSolution
		Debug|Any CPU = Debug|Any CPU
		Release|Any CPU = Release|Any CPU
	EndGlobalSection
	GlobalSection(ProjectConfigurationPlatforms) = postSolution
		{0A491BFF-5867-4B83-94C9-A8B1D538F679}.Debug|Any CPU.ActiveCfg = Debug|Any CPU
		{0A491BFF-5867-4B83-94C9-A8B1D538F679}.Debug|Any CPU.Build.0 = Debug|Any CPU
		{0A491BFF-5867-4B83-94C9-A8B1D538F679}.Release|Any CPU.ActiveCfg = Release|Any CPU
		{0A491BFF-5867-4B83-94C9-A8B1D538F679}.Release|Any CPU.Build.0 = Release|Any CPU
	EndGlobalSection
	GlobalSection(SolutionProperties) = preSolution
		HideSolutionNode = FALSE
	EndGlobalSection
	GlobalSection(ExtensibilityGlobals) = postSolution
		SolutionGuid = {2A2BB711-4139-4C2E-9F11-5117FD363AC8}
	EndGlobalSection
EndGlobal
